
Microsoft Visual Studio Solution File, Format Version 12.00
# Visual Studio Version 17
VisualStudioVersion = 17.14.36414.22 d17.14
MinimumVisualStudioVersion = 10.0.40219.1
Project("{8BC9CEB8-8B4A-11D0-8D11-00A0C91BC942}") = "Sandbox", "Sandbox\Sandbox.vcxproj", "{DB767E0F-D3A1-4F20-B465-30CDA87E3AE8}"
EndProject
Project("{8BC9CEB8-8B4A-11D0-8D11-00A0C91BC942}") = "tiny_quality", "tiny_quality\tiny_quality.vcxproj", "{DBB7D294-5651-4E1F-8E84-4A18817D0EFF}"
EndProject
Global
	GlobalSection(SolutionConfigurationPlatforms) = preSolution
		Debug|x64 = Debug|x64
		Release|x64 = Release|x64
	EndGlobalSection
	GlobalSection(ProjectConfigurationPlatforms) = postSolution
		{DBB7D294-5651-4E1F-8E84-4A18817D0EFF}.Debug|x64.ActiveCfg = Debug|x64
		{DBB7D294-5651-4E1F-8E84-4A18817D0EFF}.Debug|x64.Build.0 = Debug|x64
		{DBB7D294-5651-4E1F-8E84-4A18817D0EFF}.Release|x64.ActiveCfg = Release|x64
		{DBB7D294-5651-4E1F-8E84-4A18817D0EFF}.Release|x64.Build.0 = Release|x64
		{DB767E0F-D3A1-4F20-B465-30CDA87E3AE8}.Debug|x64.ActiveCfg = Debug|x64
		{DB767E0F-D3A1-4F20-B465-30CDA87E3AE8}.Debug|x64.Build.0 = Debug|x64
		{DB767E0F-D3A1-4F20-B465-30CDA87E3AE8}.Release|x64.ActiveCfg = Release|x64
		{DB767E0F-D3A1-4F20-B465-30CDA87E3AE8}.Release|x64.Build.0 = Release|x64
	EndGlobalSection
	GlobalSection(SolutionProperties) = preSolution
		HideSolutionNode = FALSE
	EndGlobalSection
	GlobalSection(ExtensibilityGlobals) = postSolution
		SolutionGuid = {FA603DC8-C9FC-428C-BA25-DE144C775809}
	EndGlobalSection
EndGlobal
