<?xml version="1.0" encoding="utf-8"?>
<Project ToolsVersion="4.0" xmlns="http://schemas.microsoft.com/developer/msbuild/2003">
  <ItemGroup>
    <Filter Include="tiny_quality">
      <UniqueIdentifier>{F1E331C4-DD46-C168-86CC-F91E720E8DEB}</UniqueIdentifier>
    </Filter>
    <Filter Include="tiny_quality\Events">
      <UniqueIdentifier>{B5964398-21F8-20A6-AA65-675816C65765}</UniqueIdentifier>
    </Filter>
  </ItemGroup>
  <ItemGroup>
    <ClInclude Include="src\tiny_quality.h" />
    <ClInclude Include="src\tiny_quality\Application.h">
      <Filter>tiny_quality</Filter>
    </ClInclude>
    <ClInclude Include="src\tiny_quality\Core.h">
      <Filter>tiny_quality</Filter>
    </ClInclude>
    <ClInclude Include="src\tiny_quality\EntryPoint.h">
      <Filter>tiny_quality</Filter>
    </ClInclude>
    <ClInclude Include="src\tiny_quality\Events\ApplicationEvent.h">
      <Filter>tiny_quality\Events</Filter>
    </ClInclude>
    <ClInclude Include="src\tiny_quality\Events\Event.h">
      <Filter>tiny_quality\Events</Filter>
    </ClInclude>
    <ClInclude Include="src\tiny_quality\Events\KeyEvent.h">
      <Filter>tiny_quality\Events</Filter>
    </ClInclude>
    <ClInclude Include="src\tiny_quality\Events\MouseEvent.h">
      <Filter>tiny_quality\Events</Filter>
    </ClInclude>
    <ClInclude Include="src\tiny_quality\Log.h">
      <Filter>tiny_quality</Filter>
    </ClInclude>
    <ClInclude Include="src\tqpch.h" />
  </ItemGroup>
  <ItemGroup>
    <ClCompile Include="src\tiny_quality\Application.cpp">
      <Filter>tiny_quality</Filter>
    </ClCompile>
    <ClCompile Include="src\tiny_quality\Log.cpp">
      <Filter>tiny_quality</Filter>
    </ClCompile>
    <ClCompile Include="src\tqpch.cpp" />
  </ItemGroup>
</Project>